{
    "_readme": [
        "This file locks the dependencies of your project to a known state",
        "Read more about it at https://getcomposer.org/doc/01-basic-usage.md#composer-lock-the-lock-file",
        "This file is @generated automatically"
    ],
    "hash": "9ca34d9ad8fecf2214af97444a16098e",
    "content-hash": "0af5a277f6333798ac666821142dcd7c",
    "packages": [
        {
            "name": "av/bonefish-autoloader",
            "version": "v1.0",
            "source": {
                "type": "git",
                "url": "https://github.com/AValnar/Bonefish-Autoloader.git",
                "reference": "efe814dae0985643e9fafa7c31ef7d19f98461d7"
            },
            "dist": {
                "type": "zip",
                "url": "https://api.github.com/repos/AValnar/Bonefish-Autoloader/zipball/efe814dae0985643e9fafa7c31ef7d19f98461d7",
                "reference": "efe814dae0985643e9fafa7c31ef7d19f98461d7",
                "shasum": ""
            },
            "require": {
                "php": ">=5.3.0"
            },
            "type": "library",
            "autoload": {
                "psr-4": {
                    "Bonefish\\": "src"
                }
            },
            "notification-url": "https://packagist.org/downloads/",
            "description": "This Project maintains the Bonefish PSR-4 Autoloader",
            "time": "2014-09-27 13:01:25"
        },
        {
            "name": "av/bonefish-injection",
            "version": "v1.0.0",
            "source": {
                "type": "git",
                "url": "https://github.com/AValnar/Bonefish-Injection.git",
                "reference": "d34ceda7efd624e5aa81e56703e07317aa7a8afd"
            },
            "dist": {
                "type": "zip",
                "url": "https://api.github.com/repos/AValnar/Bonefish-Injection/zipball/d34ceda7efd624e5aa81e56703e07317aa7a8afd",
                "reference": "d34ceda7efd624e5aa81e56703e07317aa7a8afd",
                "shasum": ""
            },
            "require": {
                "av/bonefish-reflections": "^1.0",
                "av/bonefish-traits": "^1.0",
                "doctrine/cache": "^1.4",
                "php": ">=5.6.0"
            },
            "type": "library",
            "autoload": {
                "psr-4": {
                    "Bonefish\\Injection\\": [
                        "src"
                    ],
                    "Bonefish\\Tests\\Injection\\": [
                        "tests"
                    ]
                }
            },
            "notification-url": "https://packagist.org/downloads/",
            "description": "Dependency Injection Container",
            "time": "2015-09-20 17:56:45"
        },
        {
            "name": "av/bonefish-reflections",
            "version": "v1.0.2",
            "source": {
                "type": "git",
                "url": "https://github.com/AValnar/Bonefish-Reflections.git",
                "reference": "959ee51777f7f27e9fd59c0cbd8433213747a7e7"
            },
            "dist": {
                "type": "zip",
                "url": "https://api.github.com/repos/AValnar/Bonefish-Reflections/zipball/959ee51777f7f27e9fd59c0cbd8433213747a7e7",
                "reference": "959ee51777f7f27e9fd59c0cbd8433213747a7e7",
                "shasum": ""
            },
            "require": {
                "av/bonefish-traits": "^1.0",
                "av/doctrine-annotations": "^1.0",
                "doctrine/cache": "^1.4",
                "nette/reflection": "^2.3",
                "php": ">=5.6.0"
            },
            "type": "library",
            "autoload": {
                "psr-4": {
                    "Bonefish\\Reflection\\": [
                        "src"
                    ],
                    "Bonefish\\Tests\\Reflection\\": [
                        "tests"
                    ]
                }
            },
            "notification-url": "https://packagist.org/downloads/",
            "description": "Bonefish Reflection Service",
            "time": "2015-09-20 18:09:00"
        },
        {
            "name": "av/bonefish-traits",
            "version": "v1.0.1",
            "source": {
                "type": "git",
                "url": "https://github.com/AValnar/Bonefish-Traits.git",
                "reference": "e219909bb49332d409103d8ed0cfc64892f5a7d0"
            },
            "dist": {
                "type": "zip",
                "url": "https://api.github.com/repos/AValnar/Bonefish-Traits/zipball/e219909bb49332d409103d8ed0cfc64892f5a7d0",
                "reference": "e219909bb49332d409103d8ed0cfc64892f5a7d0",
                "shasum": ""
            },
            "require": {
                "php": ">=5.6.0"
            },
            "type": "library",
            "autoload": {
                "psr-4": {
                    "Bonefish\\Traits\\": [
                        "src"
                    ],
                    "Bonefish\\Tests\\Traits\\": [
                        "tests"
                    ]
                }
            },
            "notification-url": "https://packagist.org/downloads/",
            "description": "Abstract traits",
            "time": "2015-09-12 12:55:24"
        },
        {
            "name": "av/bonefish-utility",
            "version": "v1.0.0",
            "source": {
                "type": "git",
                "url": "https://github.com/AValnar/Bonefish-Utility.git",
                "reference": "f769167f3675e76afaf18a574b65204692249e09"
            },
            "dist": {
                "type": "zip",
                "url": "https://api.github.com/repos/AValnar/Bonefish-Utility/zipball/f769167f3675e76afaf18a574b65204692249e09",
                "reference": "f769167f3675e76afaf18a574b65204692249e09",
                "shasum": ""
            },
            "require": {
                "av/bonefish-traits": "^1.0",
                "doctrine/cache": "^1.4",
                "php": ">=5.6.0"
            },
            "suggest": {
                "av/bonefish-injection": "Allows for automatic dependency resolving"
            },
            "type": "library",
            "autoload": {
                "psr-4": {
                    "Bonefish\\Utility\\": [
                        "src"
                    ],
                    "Bonefish\\Tests\\Utility\\": [
                        "tests"
                    ]
                }
            },
            "notification-url": "https://packagist.org/downloads/",
            "description": "Bonefish utility classes",
            "time": "2015-07-06 12:19:50"
        },
        {
            "name": "av/doctrine-annotations",
            "version": "v1.0.1",
            "source": {
                "type": "git",
                "url": "https://github.com/AValnar/Doctrine-Annotations.git",
                "reference": "82775248f68e3ef22ee23dc581685bbfc5120e2c"
            },
            "dist": {
                "type": "zip",
                "url": "https://api.github.com/repos/AValnar/Doctrine-Annotations/zipball/82775248f68e3ef22ee23dc581685bbfc5120e2c",
                "reference": "82775248f68e3ef22ee23dc581685bbfc5120e2c",
                "shasum": ""
            },
            "require": {
                "doctrine/annotations": "^1.2",
                "php": ">=5.6.0",
                "symfony/options-resolver": "^2.7"
            },
            "type": "library",
            "autoload": {
                "psr-4": {
                    "AValnar\\Doctrine\\": [
                        "src"
                    ],
                    "AValnar\\Tests\\Doctrine\\": [
                        "tests"
                    ]
                }
            },
            "notification-url": "https://packagist.org/downloads/",
            "description": "Simple Doctrine Annotations adapter for projects with silent auto loading",
            "time": "2015-09-12 12:54:22"
        },
        {
            "name": "doctrine/annotations",
            "version": "v1.2.7",
            "source": {
                "type": "git",
                "url": "https://github.com/doctrine/annotations.git",
                "reference": "f25c8aab83e0c3e976fd7d19875f198ccf2f7535"
            },
            "dist": {
                "type": "zip",
                "url": "https://api.github.com/repos/doctrine/annotations/zipball/f25c8aab83e0c3e976fd7d19875f198ccf2f7535",
                "reference": "f25c8aab83e0c3e976fd7d19875f198ccf2f7535",
                "shasum": ""
            },
            "require": {
                "doctrine/lexer": "1.*",
                "php": ">=5.3.2"
            },
            "require-dev": {
                "doctrine/cache": "1.*",
                "phpunit/phpunit": "4.*"
            },
            "type": "library",
            "extra": {
                "branch-alias": {
                    "dev-master": "1.3.x-dev"
                }
            },
            "autoload": {
                "psr-0": {
                    "Doctrine\\Common\\Annotations\\": "lib/"
                }
            },
            "notification-url": "https://packagist.org/downloads/",
            "license": [
                "MIT"
            ],
            "authors": [
                {
                    "name": "Roman Borschel",
                    "email": "roman@code-factory.org"
                },
                {
                    "name": "Benjamin Eberlei",
                    "email": "kontakt@beberlei.de"
                },
                {
                    "name": "Guilherme Blanco",
                    "email": "guilhermeblanco@gmail.com"
                },
                {
                    "name": "Jonathan Wage",
                    "email": "jonwage@gmail.com"
                },
                {
                    "name": "Johannes Schmitt",
                    "email": "schmittjoh@gmail.com"
                }
            ],
            "description": "Docblock Annotations Parser",
            "homepage": "http://www.doctrine-project.org",
            "keywords": [
                "annotations",
                "docblock",
                "parser"
            ],
            "time": "2015-08-31 12:32:49"
        },
        {
            "name": "doctrine/cache",
            "version": "v1.4.2",
            "source": {
                "type": "git",
                "url": "https://github.com/doctrine/cache.git",
                "reference": "8c434000f420ade76a07c64cbe08ca47e5c101ca"
            },
            "dist": {
                "type": "zip",
                "url": "https://api.github.com/repos/doctrine/cache/zipball/8c434000f420ade76a07c64cbe08ca47e5c101ca",
                "reference": "8c434000f420ade76a07c64cbe08ca47e5c101ca",
                "shasum": ""
            },
            "require": {
                "php": ">=5.3.2"
            },
            "conflict": {
                "doctrine/common": ">2.2,<2.4"
            },
            "require-dev": {
                "phpunit/phpunit": ">=3.7",
                "predis/predis": "~1.0",
                "satooshi/php-coveralls": "~0.6"
            },
            "type": "library",
            "extra": {
                "branch-alias": {
                    "dev-master": "1.5.x-dev"
                }
            },
            "autoload": {
                "psr-0": {
                    "Doctrine\\Common\\Cache\\": "lib/"
                }
            },
            "notification-url": "https://packagist.org/downloads/",
            "license": [
                "MIT"
            ],
            "authors": [
                {
                    "name": "Roman Borschel",
                    "email": "roman@code-factory.org"
                },
                {
                    "name": "Benjamin Eberlei",
                    "email": "kontakt@beberlei.de"
                },
                {
                    "name": "Guilherme Blanco",
                    "email": "guilhermeblanco@gmail.com"
                },
                {
                    "name": "Jonathan Wage",
                    "email": "jonwage@gmail.com"
                },
                {
                    "name": "Johannes Schmitt",
                    "email": "schmittjoh@gmail.com"
                }
            ],
            "description": "Caching library offering an object-oriented API for many cache backends",
            "homepage": "http://www.doctrine-project.org",
            "keywords": [
                "cache",
                "caching"
            ],
            "time": "2015-08-31 12:36:41"
        },
        {
            "name": "doctrine/lexer",
            "version": "v1.0.1",
            "source": {
                "type": "git",
                "url": "https://github.com/doctrine/lexer.git",
                "reference": "83893c552fd2045dd78aef794c31e694c37c0b8c"
            },
            "dist": {
                "type": "zip",
                "url": "https://api.github.com/repos/doctrine/lexer/zipball/83893c552fd2045dd78aef794c31e694c37c0b8c",
                "reference": "83893c552fd2045dd78aef794c31e694c37c0b8c",
                "shasum": ""
            },
            "require": {
                "php": ">=5.3.2"
            },
            "type": "library",
            "extra": {
                "branch-alias": {
                    "dev-master": "1.0.x-dev"
                }
            },
            "autoload": {
                "psr-0": {
                    "Doctrine\\Common\\Lexer\\": "lib/"
                }
            },
            "notification-url": "https://packagist.org/downloads/",
            "license": [
                "MIT"
            ],
            "authors": [
                {
                    "name": "Roman Borschel",
                    "email": "roman@code-factory.org"
                },
                {
                    "name": "Guilherme Blanco",
                    "email": "guilhermeblanco@gmail.com"
                },
                {
                    "name": "Johannes Schmitt",
                    "email": "schmittjoh@gmail.com"
                }
            ],
            "description": "Base library for a lexer that can be used in Top-Down, Recursive Descent Parsers.",
            "homepage": "http://www.doctrine-project.org",
            "keywords": [
                "lexer",
                "parser"
            ],
            "time": "2014-09-09 13:34:57"
        },
        {
            "name": "nette/caching",
            "version": "v2.4.2",
            "source": {
                "type": "git",
                "url": "https://github.com/nette/caching.git",
                "reference": "ce04a24e03230a3ad163540aab46635c220163ed"
            },
            "dist": {
                "type": "zip",
                "url": "https://api.github.com/repos/nette/caching/zipball/ce04a24e03230a3ad163540aab46635c220163ed",
                "reference": "ce04a24e03230a3ad163540aab46635c220163ed",
                "shasum": ""
            },
            "require": {
                "nette/finder": "~2.2",
                "nette/utils": "~2.2",
                "php": ">=5.4.4"
            },
            "conflict": {
                "nette/nette": "<2.2"
            },
            "require-dev": {
                "latte/latte": "~2.4",
                "nette/di": "~2.3",
                "nette/tester": "~1.4"
            },
            "type": "library",
            "extra": {
                "branch-alias": {
                    "dev-master": "2.4-dev"
                }
            },
            "autoload": {
                "classmap": [
                    "src/"
                ]
            },
            "notification-url": "https://packagist.org/downloads/",
            "license": [
                "BSD-3-Clause",
                "GPL-2.0",
                "GPL-3.0"
            ],
            "authors": [
                {
                    "name": "David Grudl",
                    "homepage": "http://davidgrudl.com"
                },
                {
                    "name": "Nette Community",
                    "homepage": "http://nette.org/contributors"
                }
            ],
            "description": "Nette Caching Component",
            "homepage": "http://nette.org",
            "time": "2015-09-07 11:57:44"
        },
        {
            "name": "nette/finder",
            "version": "v2.3.1",
            "source": {
                "type": "git",
                "url": "https://github.com/nette/finder.git",
                "reference": "38f803a03f4cddf352e28af70294c71f7026e516"
            },
            "dist": {
                "type": "zip",
                "url": "https://api.github.com/repos/nette/finder/zipball/38f803a03f4cddf352e28af70294c71f7026e516",
                "reference": "38f803a03f4cddf352e28af70294c71f7026e516",
                "shasum": ""
            },
            "require": {
                "nette/utils": "~2.2",
                "php": ">=5.3.1"
            },
            "conflict": {
                "nette/nette": "<2.2"
            },
            "require-dev": {
                "nette/tester": "~1.4"
            },
            "type": "library",
            "autoload": {
                "classmap": [
                    "src/"
                ]
            },
            "notification-url": "https://packagist.org/downloads/",
            "license": [
                "BSD-3-Clause",
                "GPL-2.0",
                "GPL-3.0"
            ],
            "authors": [
                {
                    "name": "David Grudl",
                    "homepage": "http://davidgrudl.com"
                },
                {
                    "name": "Nette Community",
                    "homepage": "http://nette.org/contributors"
                }
            ],
            "description": "Nette Finder: Files Searching",
            "homepage": "http://nette.org",
            "time": "2015-07-11 21:13:50"
        },
        {
            "name": "nette/reflection",
            "version": "v2.3.1",
            "source": {
                "type": "git",
                "url": "https://github.com/nette/reflection.git",
                "reference": "9c2ed2a29f1f58125a0f19ffc987812d6b17d3e6"
            },
            "dist": {
                "type": "zip",
                "url": "https://api.github.com/repos/nette/reflection/zipball/9c2ed2a29f1f58125a0f19ffc987812d6b17d3e6",
                "reference": "9c2ed2a29f1f58125a0f19ffc987812d6b17d3e6",
                "shasum": ""
            },
            "require": {
                "ext-tokenizer": "*",
                "nette/caching": "~2.2",
                "nette/utils": "~2.2",
                "php": ">=5.3.1"
            },
            "conflict": {
                "nette/nette": "<2.2"
            },
            "require-dev": {
                "nette/di": "~2.3",
                "nette/tester": "~1.4"
            },
            "type": "library",
            "autoload": {
                "classmap": [
                    "src/"
                ]
            },
            "notification-url": "https://packagist.org/downloads/",
            "license": [
                "BSD-3-Clause",
                "GPL-2.0",
                "GPL-3.0"
            ],
            "authors": [
                {
                    "name": "David Grudl",
                    "homepage": "http://davidgrudl.com"
                },
                {
                    "name": "Nette Community",
                    "homepage": "http://nette.org/contributors"
                }
            ],
            "description": "Nette PHP Reflection Component",
            "homepage": "http://nette.org",
            "time": "2015-07-11 21:34:53"
        },
        {
            "name": "nette/utils",
            "version": "v2.3.5",
            "source": {
                "type": "git",
                "url": "https://github.com/nette/utils.git",
                "reference": "298e955ad903c212dc766aa3f9f8ca840b6936eb"
            },
            "dist": {
                "type": "zip",
                "url": "https://api.github.com/repos/nette/utils/zipball/298e955ad903c212dc766aa3f9f8ca840b6936eb",
                "reference": "298e955ad903c212dc766aa3f9f8ca840b6936eb",
                "shasum": ""
            },
            "require": {
                "php": ">=5.3.1"
            },
            "conflict": {
                "nette/nette": "<2.2"
            },
            "require-dev": {
                "nette/tester": "~1.0"
            },
            "suggest": {
                "ext-gd": "to use Image",
                "ext-iconv": "to use Strings::webalize() and toAscii()",
                "ext-intl": "for script transliteration in Strings::webalize() and toAscii()",
                "ext-mbstring": "to use Strings::lower() etc..."
            },
            "type": "library",
            "autoload": {
                "classmap": [
                    "src/"
                ]
            },
            "notification-url": "https://packagist.org/downloads/",
            "license": [
                "BSD-3-Clause",
                "GPL-2.0",
                "GPL-3.0"
            ],
            "authors": [
                {
                    "name": "David Grudl",
                    "homepage": "http://davidgrudl.com"
                },
                {
                    "name": "Nette Community",
                    "homepage": "http://nette.org/contributors"
                }
            ],
            "description": "Nette Utility Classes",
            "homepage": "http://nette.org",
            "time": "2015-09-09 00:59:33"
        },
        {
            "name": "nikic/php-parser",
            "version": "v1.4.1",
            "source": {
                "type": "git",
                "url": "https://github.com/nikic/PHP-Parser.git",
                "reference": "f78af2c9c86107aa1a34cd1dbb5bbe9eeb0d9f51"
            },
            "dist": {
                "type": "zip",
                "url": "https://api.github.com/repos/nikic/PHP-Parser/zipball/f78af2c9c86107aa1a34cd1dbb5bbe9eeb0d9f51",
                "reference": "f78af2c9c86107aa1a34cd1dbb5bbe9eeb0d9f51",
                "shasum": ""
            },
            "require": {
                "ext-tokenizer": "*",
                "php": ">=5.3"
            },
            "type": "library",
            "extra": {
                "branch-alias": {
                    "dev-master": "1.4-dev"
                }
            },
            "autoload": {
                "files": [
                    "lib/bootstrap.php"
                ]
            },
            "notification-url": "https://packagist.org/downloads/",
            "license": [
                "BSD-3-Clause"
            ],
            "authors": [
                {
                    "name": "Nikita Popov"
                }
            ],
            "description": "A PHP parser written in PHP",
            "keywords": [
                "parser",
                "php"
            ],
            "time": "2015-09-19 14:15:08"
        },
        {
            "name": "symfony/console",
            "version": "v2.7.4",
            "source": {
                "type": "git",
                "url": "https://github.com/symfony/Console.git",
                "reference": "9ff9032151186bd66ecee727d728f1319f52d1d8"
            },
            "dist": {
                "type": "zip",
                "url": "https://api.github.com/repos/symfony/Console/zipball/9ff9032151186bd66ecee727d728f1319f52d1d8",
                "reference": "9ff9032151186bd66ecee727d728f1319f52d1d8",
                "shasum": ""
            },
            "require": {
                "php": ">=5.3.9"
            },
            "require-dev": {
                "psr/log": "~1.0",
                "symfony/event-dispatcher": "~2.1",
                "symfony/phpunit-bridge": "~2.7",
                "symfony/process": "~2.1"
            },
            "suggest": {
                "psr/log": "For using the console logger",
                "symfony/event-dispatcher": "",
                "symfony/process": ""
            },
            "type": "library",
            "extra": {
                "branch-alias": {
                    "dev-master": "2.7-dev"
                }
            },
            "autoload": {
                "psr-4": {
                    "Symfony\\Component\\Console\\": ""
                }
            },
            "notification-url": "https://packagist.org/downloads/",
            "license": [
                "MIT"
            ],
            "authors": [
                {
                    "name": "Fabien Potencier",
                    "email": "fabien@symfony.com"
                },
                {
                    "name": "Symfony Community",
                    "homepage": "https://symfony.com/contributors"
                }
            ],
            "description": "Symfony Console Component",
            "homepage": "https://symfony.com",
            "time": "2015-09-03 11:40:38"
        },
        {
            "name": "symfony/finder",
            "version": "v2.7.4",
            "source": {
                "type": "git",
                "url": "https://github.com/symfony/Finder.git",
                "reference": "fff4b0c362640a0ab7355e2647b3d461608e9065"
            },
            "dist": {
                "type": "zip",
                "url": "https://api.github.com/repos/symfony/Finder/zipball/fff4b0c362640a0ab7355e2647b3d461608e9065",
                "reference": "fff4b0c362640a0ab7355e2647b3d461608e9065",
                "shasum": ""
            },
            "require": {
                "php": ">=5.3.9"
            },
            "require-dev": {
                "symfony/phpunit-bridge": "~2.7"
            },
            "type": "library",
            "extra": {
                "branch-alias": {
                    "dev-master": "2.7-dev"
                }
            },
            "autoload": {
                "psr-4": {
                    "Symfony\\Component\\Finder\\": ""
                }
            },
            "notification-url": "https://packagist.org/downloads/",
            "license": [
                "MIT"
            ],
            "authors": [
                {
                    "name": "Fabien Potencier",
                    "email": "fabien@symfony.com"
                },
                {
                    "name": "Symfony Community",
                    "homepage": "https://symfony.com/contributors"
                }
            ],
            "description": "Symfony Finder Component",
            "homepage": "https://symfony.com",
            "time": "2015-08-26 17:56:37"
        },
        {
            "name": "symfony/options-resolver",
            "version": "v2.7.4",
            "source": {
                "type": "git",
                "url": "https://github.com/symfony/OptionsResolver.git",
                "reference": "0240d768d6dba7fd45c293fa90925291b577d2df"
            },
            "dist": {
                "type": "zip",
                "url": "https://api.github.com/repos/symfony/OptionsResolver/zipball/0240d768d6dba7fd45c293fa90925291b577d2df",
                "reference": "0240d768d6dba7fd45c293fa90925291b577d2df",
                "shasum": ""
            },
            "require": {
                "php": ">=5.3.9"
            },
            "require-dev": {
                "symfony/phpunit-bridge": "~2.7"
            },
            "type": "library",
            "extra": {
                "branch-alias": {
                    "dev-master": "2.7-dev"
                }
            },
            "autoload": {
                "psr-4": {
                    "Symfony\\Component\\OptionsResolver\\": ""
                }
            },
            "notification-url": "https://packagist.org/downloads/",
            "license": [
                "MIT"
            ],
            "authors": [
                {
                    "name": "Fabien Potencier",
                    "email": "fabien@symfony.com"
                },
                {
                    "name": "Symfony Community",
                    "homepage": "https://symfony.com/contributors"
                }
            ],
            "description": "Symfony OptionsResolver Component",
            "homepage": "https://symfony.com",
            "keywords": [
                "config",
                "configuration",
                "options"
            ],
            "time": "2015-08-24 07:13:45"
        }
    ],
    "packages-dev": [],
    "aliases": [],
    "minimum-stability": "stable",
    "stability-flags": [],
    "prefer-stable": false,
    "prefer-lowest": false,
    "platform": {
        "php": ">=5.6.0"
    },
    "platform-dev": []
}
